
Microsoft Visual Studio Solution File, Format Version 12.00
# Visual Studio Version 16
VisualStudioVersion = 16.0.30611.23
MinimumVisualStudioVersion = 10.0.40219.1
Project("{FAE04EC0-301F-11D3-BF4B-00C04F79EFBC}") = "STACK", "STACK\STACK.csproj", "{11994DB2-2F1D-42DB-806E-0A324691B6BD}"
EndProject
Global
	GlobalSection(SolutionConfigurationPlatforms) = preSolution
		Debug|Any CPU = Debug|Any CPU
		Release|Any CPU = Release|Any CPU
	EndGlobalSection
	GlobalSection(ProjectConfigurationPlatforms) = postSolution
		{11994DB2-2F1D-42DB-806E-0A324691B6BD}.Debug|Any CPU.ActiveCfg = Debug|Any CPU
		{11994DB2-2F1D-42DB-806E-0A324691B6BD}.Debug|Any CPU.Build.0 = Debug|Any CPU
		{11994DB2-2F1D-42DB-806E-0A324691B6BD}.Release|Any CPU.ActiveCfg = Release|Any CPU
		{11994DB2-2F1D-42DB-806E-0A324691B6BD}.Release|Any CPU.Build.0 = Release|Any CPU
	EndGlobalSection
	GlobalSection(SolutionProperties) = preSolution
		HideSolutionNode = FALSE
	EndGlobalSection
	GlobalSection(ExtensibilityGlobals) = postSolution
		SolutionGuid = {465B9A73-F8AA-4168-8284-5422B30971B7}
	EndGlobalSection
EndGlobal
